// !$*UTF8*$!
{
	archiveVersion = 1;
	classes = {
	};
	objectVersion = 46;
	objects = {

/* Begin PBXBuildFile section */
		1EB01C241CC59C8C006D83FD /* main.m in Sources */ = {isa = PBXBuildFile; fileRef = 1EB01C231CC59C8C006D83FD /* main.m */; };
		1EB01C271CC59C8C006D83FD /* AppDelegate.m in Sources */ = {isa = PBXBuildFile; fileRef = 1EB01C261CC59C8C006D83FD /* AppDelegate.m */; };
		1EB01C2D1CC59C8C006D83FD /* Main.storyboard in Resources */ = {isa = PBXBuildFile; fileRef = 1EB01C2B1CC59C8C006D83FD /* Main.storyboard */; };
		1EB01C301CC59C8C006D83FD /* MercurySDK.xcdatamodeld in Sources */ = {isa = PBXBuildFile; fileRef = 1EB01C2E1CC59C8C006D83FD /* MercurySDK.xcdatamodeld */; };
		1EB01C321CC59C8C006D83FD /* Assets.xcassets in Resources */ = {isa = PBXBuildFile; fileRef = 1EB01C311CC59C8C006D83FD /* Assets.xcassets */; };
		1EB01C351CC59C8C006D83FD /* LaunchScreen.storyboard in Resources */ = {isa = PBXBuildFile; fileRef = 1EB01C331CC59C8C006D83FD /* LaunchScreen.storyboard */; };
		1EB01C401CC59C8C006D83FD /* MercurySDKTests.m in Sources */ = {isa = PBXBuildFile; fileRef = 1EB01C3F1CC59C8C006D83FD /* MercurySDKTests.m */; };
		1EB01C4B1CC59C8C006D83FD /* MercurySDKUITests.m in Sources */ = {isa = PBXBuildFile; fileRef = 1EB01C4A1CC59C8C006D83FD /* MercurySDKUITests.m */; };
		1EE2FB421CD4084D00A61F1B /* HCMercuryHelper.m in Sources */ = {isa = PBXBuildFile; fileRef = 1EE2FB131CD4084D00A61F1B /* HCMercuryHelper.m */; };
		1EE2FB431CD4084D00A61F1B /* JSMercury.m in Sources */ = {isa = PBXBuildFile; fileRef = 1EE2FB151CD4084D00A61F1B /* JSMercury.m */; };
		1EE2FB441CD4084D00A61F1B /* JSMercuryConstants.m in Sources */ = {isa = PBXBuildFile; fileRef = 1EE2FB171CD4084D00A61F1B /* JSMercuryConstants.m */; };
		1EE2FB451CD4084D00A61F1B /* JSMercuryCreditToken.m in Sources */ = {isa = PBXBuildFile; fileRef = 1EE2FB191CD4084D00A61F1B /* JSMercuryCreditToken.m */; };
		1EE2FB461CD4084D00A61F1B /* JSMercuryCreditTokenAdjust.m in Sources */ = {isa = PBXBuildFile; fileRef = 1EE2FB1B1CD4084D00A61F1B /* JSMercuryCreditTokenAdjust.m */; };
		1EE2FB471CD4084D00A61F1B /* JSMercuryCreditTokenPreAuth.m in Sources */ = {isa = PBXBuildFile; fileRef = 1EE2FB1D1CD4084D00A61F1B /* JSMercuryCreditTokenPreAuth.m */; };
		1EE2FB481CD4084D00A61F1B /* JSMercuryCreditTokenPreAuthCapture.m in Sources */ = {isa = PBXBuildFile; fileRef = 1EE2FB1F1CD4084D00A61F1B /* JSMercuryCreditTokenPreAuthCapture.m */; };
		1EE2FB491CD4084D00A61F1B /* JSMercuryCreditTokenResponse.m in Sources */ = {isa = PBXBuildFile; fileRef = 1EE2FB211CD4084D00A61F1B /* JSMercuryCreditTokenResponse.m */; };
		1EE2FB4A1CD4084D00A61F1B /* JSMercuryCreditTokenReturn.m in Sources */ = {isa = PBXBuildFile; fileRef = 1EE2FB231CD4084D00A61F1B /* JSMercuryCreditTokenReturn.m */; };
		1EE2FB4B1CD4084D00A61F1B /* JSMercuryCreditTokenReversal.m in Sources */ = {isa = PBXBuildFile; fileRef = 1EE2FB251CD4084D00A61F1B /* JSMercuryCreditTokenReversal.m */; };
		1EE2FB4C1CD4084D00A61F1B /* JSMercuryCreditTokenSale.m in Sources */ = {isa = PBXBuildFile; fileRef = 1EE2FB271CD4084D00A61F1B /* JSMercuryCreditTokenSale.m */; };
		1EE2FB4D1CD4084D00A61F1B /* JSMercuryCreditTokenVoidReturn.m in Sources */ = {isa = PBXBuildFile; fileRef = 1EE2FB291CD4084D00A61F1B /* JSMercuryCreditTokenVoidReturn.m */; };
		1EE2FB4E1CD4084D00A61F1B /* JSMercuryCreditTokenVoidSale.m in Sources */ = {isa = PBXBuildFile; fileRef = 1EE2FB2B1CD4084D00A61F1B /* JSMercuryCreditTokenVoidSale.m */; };
		1EE2FB4F1CD4084D00A61F1B /* JSMercuryError.m in Sources */ = {isa = PBXBuildFile; fileRef = 1EE2FB2D1CD4084D00A61F1B /* JSMercuryError.m */; };
		1EE2FB501CD4084D00A61F1B /* JSMercuryInitialize.m in Sources */ = {isa = PBXBuildFile; fileRef = 1EE2FB2F1CD4084D00A61F1B /* JSMercuryInitialize.m */; };
		1EE2FB511CD4084D00A61F1B /* JSMercuryInitializeCardInfo.m in Sources */ = {isa = PBXBuildFile; fileRef = 1EE2FB311CD4084D00A61F1B /* JSMercuryInitializeCardInfo.m */; };
		1EE2FB521CD4084D00A61F1B /* JSMercuryInitializePayment.m in Sources */ = {isa = PBXBuildFile; fileRef = 1EE2FB331CD4084D00A61F1B /* JSMercuryInitializePayment.m */; };
		1EE2FB531CD4084D00A61F1B /* JSMercuryInitializeResponse.m in Sources */ = {isa = PBXBuildFile; fileRef = 1EE2FB351CD4084D00A61F1B /* JSMercuryInitializeResponse.m */; };
		1EE2FB541CD4084D00A61F1B /* JSMercuryUtility.m in Sources */ = {isa = PBXBuildFile; fileRef = 1EE2FB381CD4084D00A61F1B /* JSMercuryUtility.m */; };
		1EE2FB551CD4084D00A61F1B /* JSMercuryVerify.m in Sources */ = {isa = PBXBuildFile; fileRef = 1EE2FB3A1CD4084D00A61F1B /* JSMercuryVerify.m */; };
		1EE2FB561CD4084D00A61F1B /* JSMercuryVerifyCardInfo.m in Sources */ = {isa = PBXBuildFile; fileRef = 1EE2FB3C1CD4084D00A61F1B /* JSMercuryVerifyCardInfo.m */; };
		1EE2FB571CD4084D00A61F1B /* JSMercuryVerifyPayment.m in Sources */ = {isa = PBXBuildFile; fileRef = 1EE2FB3E1CD4084D00A61F1B /* JSMercuryVerifyPayment.m */; };
		1EE2FB581CD4084D00A61F1B /* JSMercuryWebViewController.m in Sources */ = {isa = PBXBuildFile; fileRef = 1EE2FB401CD4084D00A61F1B /* JSMercuryWebViewController.m */; };
		1EE2FB591CD4084D00A61F1B /* JSMercuryWebViewStoryboard.storyboard in Resources */ = {isa = PBXBuildFile; fileRef = 1EE2FB411CD4084D00A61F1B /* JSMercuryWebViewStoryboard.storyboard */; };
		1EE2FB5D1CD409F800A61F1B /* JSMercuryCoreDataController.m in Sources */ = {isa = PBXBuildFile; fileRef = 1EE2FB5C1CD409F800A61F1B /* JSMercuryCoreDataController.m */; };
		1EE2FB751CD419C200A61F1B /* NSManagedObjectContext+Properties.m in Sources */ = {isa = PBXBuildFile; fileRef = 1EE2FB721CD419C200A61F1B /* NSManagedObjectContext+Properties.m */; };
		1EE2FB761CD419C200A61F1B /* NSManagedObject+Properties.m in Sources */ = {isa = PBXBuildFile; fileRef = 1EE2FB741CD419C200A61F1B /* NSManagedObject+Properties.m */; };
		1EE2FBA71CD41E3500A61F1B /* VerifyPayment+CoreDataProperties.m in Sources */ = {isa = PBXBuildFile; fileRef = 1EE2FB9C1CD41E3500A61F1B /* VerifyPayment+CoreDataProperties.m */; };
		1EE2FBA91CD41E3500A61F1B /* Verify+CoreDataProperties.m in Sources */ = {isa = PBXBuildFile; fileRef = 1EE2FBA01CD41E3500A61F1B /* Verify+CoreDataProperties.m */; };
		1EE2FBAA1CD41E3500A61F1B /* Verify.m in Sources */ = {isa = PBXBuildFile; fileRef = 1EE2FBA21CD41E3500A61F1B /* Verify.m */; };
		1EE2FBAB1CD41E3500A61F1B /* VerifyCardInfo+CoreDataProperties.m in Sources */ = {isa = PBXBuildFile; fileRef = 1EE2FBA41CD41E3500A61F1B /* VerifyCardInfo+CoreDataProperties.m */; };
		1EE2FBAC1CD41E3500A61F1B /* VerifyCardInfo.m in Sources */ = {isa = PBXBuildFile; fileRef = 1EE2FBA61CD41E3500A61F1B /* VerifyCardInfo.m */; };
		1EE2FBAE1CD41E5700A61F1B /* VerifyPayment.m in Sources */ = {isa = PBXBuildFile; fileRef = 1EE2FBAD1CD41E5700A61F1B /* VerifyPayment.m */; };
		1EE2FBB01CD4226C00A61F1B /* MercurySDK.xcdatamodeld in Resources */ = {isa = PBXBuildFile; fileRef = 1EB01C2E1CC59C8C006D83FD /* MercurySDK.xcdatamodeld */; };
		1EE2FBB21CD7DAF300A61F1B /* CoreData.framework in Frameworks */ = {isa = PBXBuildFile; fileRef = 1EE2FBB11CD7DAF300A61F1B /* CoreData.framework */; };
		1EE2FBB51CD7FA6700A61F1B /* PurchasesController.m in Sources */ = {isa = PBXBuildFile; fileRef = 1EE2FBB41CD7FA6700A61F1B /* PurchasesController.m */; };
		1EE2FBB81CD7FA7700A61F1B /* InitializeController.m in Sources */ = {isa = PBXBuildFile; fileRef = 1EE2FBB71CD7FA7700A61F1B /* InitializeController.m */; };
		1EE2FBBE1CD7FACE00A61F1B /* PurchasesCell.m in Sources */ = {isa = PBXBuildFile; fileRef = 1EE2FBBD1CD7FACE00A61F1B /* PurchasesCell.m */; };
		1EE2FBC11CD8080100A61F1B /* PurchasesViewModel.m in Sources */ = {isa = PBXBuildFile; fileRef = 1EE2FBC01CD8080100A61F1B /* PurchasesViewModel.m */; };
		1EE2FBC41CD80D9D00A61F1B /* CardViewModel.m in Sources */ = {isa = PBXBuildFile; fileRef = 1EE2FBC31CD80D9D00A61F1B /* CardViewModel.m */; };
		1EE2FBC71CD80E0000A61F1B /* CardCell.m in Sources */ = {isa = PBXBuildFile; fileRef = 1EE2FBC61CD80E0000A61F1B /* CardCell.m */; };
		1EE2FBD01CD93FF600A61F1B /* CreditController.m in Sources */ = {isa = PBXBuildFile; fileRef = 1EE2FBCF1CD93FF600A61F1B /* CreditController.m */; };
		1EE2FBD31CD9400800A61F1B /* CreditCell.m in Sources */ = {isa = PBXBuildFile; fileRef = 1EE2FBD21CD9400800A61F1B /* CreditCell.m */; };
		1EE2FBD61CD9401300A61F1B /* CreditViewModel.m in Sources */ = {isa = PBXBuildFile; fileRef = 1EE2FBD51CD9401300A61F1B /* CreditViewModel.m */; };
		1EE2FBDA1CE1054F00A61F1B /* JSCardView.m in Sources */ = {isa = PBXBuildFile; fileRef = 1EE2FBD81CE1054F00A61F1B /* JSCardView.m */; };
		1EE2FBDB1CE1054F00A61F1B /* JSCardView.xib in Resources */ = {isa = PBXBuildFile; fileRef = 1EE2FBD91CE1054F00A61F1B /* JSCardView.xib */; };
		1EE2FBE41CE1538700A61F1B /* JSCheckoutController.m in Sources */ = {isa = PBXBuildFile; fileRef = 1EE2FBE31CE1538700A61F1B /* JSCheckoutController.m */; };
		1EE2FBEA1CE25BBA00A61F1B /* JSPresentationController.m in Sources */ = {isa = PBXBuildFile; fileRef = 1EE2FBE91CE25BBA00A61F1B /* JSPresentationController.m */; };
		1EE2FBED1CE25BD200A61F1B /* JSAnimationTransitionController.m in Sources */ = {isa = PBXBuildFile; fileRef = 1EE2FBEC1CE25BD200A61F1B /* JSAnimationTransitionController.m */; };
		1EE2FBF01CE25BEC00A61F1B /* JSCheckoutPresentationController.m in Sources */ = {isa = PBXBuildFile; fileRef = 1EE2FBEF1CE25BEC00A61F1B /* JSCheckoutPresentationController.m */; };
		1EE2FBF21CE25D9600A61F1B /* JSCheckoutController.storyboard in Resources */ = {isa = PBXBuildFile; fileRef = 1EE2FBF11CE25D9600A61F1B /* JSCheckoutController.storyboard */; };
		1EE2FBF51CE2814000A61F1B /* JSCheckoutCardBillingCell.m in Sources */ = {isa = PBXBuildFile; fileRef = 1EE2FBF41CE2814000A61F1B /* JSCheckoutCardBillingCell.m */; };
		1EE2FBF81CE2815400A61F1B /* JSCheckoutShippingCell.m in Sources */ = {isa = PBXBuildFile; fileRef = 1EE2FBF71CE2815400A61F1B /* JSCheckoutShippingCell.m */; };
		1EE2FBFB1CE2816400A61F1B /* JSCheckoutOrderCell.m in Sources */ = {isa = PBXBuildFile; fileRef = 1EE2FBFA1CE2816400A61F1B /* JSCheckoutOrderCell.m */; };
		1EE2FBFE1CE282B300A61F1B /* JSCheckoutSubmitCell.m in Sources */ = {isa = PBXBuildFile; fileRef = 1EE2FBFD1CE282B300A61F1B /* JSCheckoutSubmitCell.m */; };
		1EE2FC011CE2891A00A61F1B /* JSCheckoutCompanyCell.m in Sources */ = {isa = PBXBuildFile; fileRef = 1EE2FC001CE2891A00A61F1B /* JSCheckoutCompanyCell.m */; };
		1EE2FC041CE2926D00A61F1B /* JSCheckoutAddressEntryController.m in Sources */ = {isa = PBXBuildFile; fileRef = 1EE2FC031CE2926D00A61F1B /* JSCheckoutAddressEntryController.m */; };
		1EE2FC071CE39EF600A61F1B /* JSCheckoutAddressController.m in Sources */ = {isa = PBXBuildFile; fileRef = 1EE2FC061CE39EF600A61F1B /* JSCheckoutAddressController.m */; };
		1EE2FC0D1CE3B10D00A61F1B /* JSCheckoutAddressViewModel.m in Sources */ = {isa = PBXBuildFile; fileRef = 1EE2FC0C1CE3B10D00A61F1B /* JSCheckoutAddressViewModel.m */; };
		1EE2FC121CE3C2A900A61F1B /* Address+CoreDataProperties.m in Sources */ = {isa = PBXBuildFile; fileRef = 1EE2FC0F1CE3C2A900A61F1B /* Address+CoreDataProperties.m */; };
		1EE2FC131CE3C2A900A61F1B /* Address.m in Sources */ = {isa = PBXBuildFile; fileRef = 1EE2FC111CE3C2A900A61F1B /* Address.m */; };
		1EE2FC161CE3E50500A61F1B /* JSCheckoutCardBillingController.m in Sources */ = {isa = PBXBuildFile; fileRef = 1EE2FC151CE3E50500A61F1B /* JSCheckoutCardBillingController.m */; };
		1EE2FC191CE4E55B00A61F1B /* JSMercuryCardController.m in Sources */ = {isa = PBXBuildFile; fileRef = 1EE2FC181CE4E55B00A61F1B /* JSMercuryCardController.m */; };
		1EE2FC1B1CE4E56600A61F1B /* JSMercuryCardController.storyboard in Resources */ = {isa = PBXBuildFile; fileRef = 1EE2FC1A1CE4E56600A61F1B /* JSMercuryCardController.storyboard */; };
		1EE2FC201CE4FD9200A61F1B /* CreditResponse+CoreDataProperties.m in Sources */ = {isa = PBXBuildFile; fileRef = 1EE2FC1D1CE4FD9200A61F1B /* CreditResponse+CoreDataProperties.m */; };
		1EE2FC211CE4FD9200A61F1B /* CreditResponse.m in Sources */ = {isa = PBXBuildFile; fileRef = 1EE2FC1F1CE4FD9200A61F1B /* CreditResponse.m */; };
/* End PBXBuildFile section */

/* Begin PBXContainerItemProxy section */
		1EB01C3C1CC59C8C006D83FD /* PBXContainerItemProxy */ = {
			isa = PBXContainerItemProxy;
			containerPortal = 1EB01C171CC59C8C006D83FD /* Project object */;
			proxyType = 1;
			remoteGlobalIDString = 1EB01C1E1CC59C8C006D83FD;
			remoteInfo = MercurySDK;
		};
		1EB01C471CC59C8C006D83FD /* PBXContainerItemProxy */ = {
			isa = PBXContainerItemProxy;
			containerPortal = 1EB01C171CC59C8C006D83FD /* Project object */;
			proxyType = 1;
			remoteGlobalIDString = 1EB01C1E1CC59C8C006D83FD;
			remoteInfo = MercurySDK;
		};
/* End PBXContainerItemProxy section */

/* Begin PBXFileReference section */
		1EB01C1F1CC59C8C006D83FD /* MercurySDK.app */ = {isa = PBXFileReference; explicitFileType = wrapper.application; includeInIndex = 0; path = MercurySDK.app; sourceTree = BUILT_PRODUCTS_DIR; };
		1EB01C231CC59C8C006D83FD /* main.m */ = {isa = PBXFileReference; lastKnownFileType = sourcecode.c.objc; path = main.m; sourceTree = "<group>"; };
		1EB01C251CC59C8C006D83FD /* AppDelegate.h */ = {isa = PBXFileReference; lastKnownFileType = sourcecode.c.h; path = AppDelegate.h; sourceTree = "<group>"; };
		1EB01C261CC59C8C006D83FD /* AppDelegate.m */ = {isa = PBXFileReference; lastKnownFileType = sourcecode.c.objc; path = AppDelegate.m; sourceTree = "<group>"; };
		1EB01C2C1CC59C8C006D83FD /* Base */ = {isa = PBXFileReference; lastKnownFileType = file.storyboard; name = Base; path = Base.lproj/Main.storyboard; sourceTree = "<group>"; };
		1EB01C2F1CC59C8C006D83FD /* MercurySDK.xcdatamodel */ = {isa = PBXFileReference; lastKnownFileType = wrapper.xcdatamodel; path = MercurySDK.xcdatamodel; sourceTree = "<group>"; };
		1EB01C311CC59C8C006D83FD /* Assets.xcassets */ = {isa = PBXFileReference; lastKnownFileType = folder.assetcatalog; path = Assets.xcassets; sourceTree = "<group>"; };
		1EB01C341CC59C8C006D83FD /* Base */ = {isa = PBXFileReference; lastKnownFileType = file.storyboard; name = Base; path = Base.lproj/LaunchScreen.storyboard; sourceTree = "<group>"; };
		1EB01C361CC59C8C006D83FD /* Info.plist */ = {isa = PBXFileReference; lastKnownFileType = text.plist.xml; path = Info.plist; sourceTree = "<group>"; };
		1EB01C3B1CC59C8C006D83FD /* MercurySDKTests.xctest */ = {isa = PBXFileReference; explicitFileType = wrapper.cfbundle; includeInIndex = 0; path = MercurySDKTests.xctest; sourceTree = BUILT_PRODUCTS_DIR; };
		1EB01C3F1CC59C8C006D83FD /* MercurySDKTests.m */ = {isa = PBXFileReference; lastKnownFileType = sourcecode.c.objc; path = MercurySDKTests.m; sourceTree = "<group>"; };
		1EB01C411CC59C8C006D83FD /* Info.plist */ = {isa = PBXFileReference; lastKnownFileType = text.plist.xml; path = Info.plist; sourceTree = "<group>"; };
		1EB01C461CC59C8C006D83FD /* MercurySDKUITests.xctest */ = {isa = PBXFileReference; explicitFileType = wrapper.cfbundle; includeInIndex = 0; path = MercurySDKUITests.xctest; sourceTree = BUILT_PRODUCTS_DIR; };
		1EB01C4A1CC59C8C006D83FD /* MercurySDKUITests.m */ = {isa = PBXFileReference; lastKnownFileType = sourcecode.c.objc; path = MercurySDKUITests.m; sourceTree = "<group>"; };
		1EB01C4C1CC59C8C006D83FD /* Info.plist */ = {isa = PBXFileReference; lastKnownFileType = text.plist.xml; path = Info.plist; sourceTree = "<group>"; };
		1EE2FB121CD4084D00A61F1B /* HCMercuryHelper.h */ = {isa = PBXFileReference; fileEncoding = 4; lastKnownFileType = sourcecode.c.h; path = HCMercuryHelper.h; sourceTree = "<group>"; };
		1EE2FB131CD4084D00A61F1B /* HCMercuryHelper.m */ = {isa = PBXFileReference; fileEncoding = 4; lastKnownFileType = sourcecode.c.objc; path = HCMercuryHelper.m; sourceTree = "<group>"; };
		1EE2FB141CD4084D00A61F1B /* JSMercury.h */ = {isa = PBXFileReference; fileEncoding = 4; lastKnownFileType = sourcecode.c.h; path = JSMercury.h; sourceTree = "<group>"; };
		1EE2FB151CD4084D00A61F1B /* JSMercury.m */ = {isa = PBXFileReference; fileEncoding = 4; lastKnownFileType = sourcecode.c.objc; path = JSMercury.m; sourceTree = "<group>"; };
		1EE2FB161CD4084D00A61F1B /* JSMercuryConstants.h */ = {isa = PBXFileReference; fileEncoding = 4; lastKnownFileType = sourcecode.c.h; path = JSMercuryConstants.h; sourceTree = "<group>"; };
		1EE2FB171CD4084D00A61F1B /* JSMercuryConstants.m */ = {isa = PBXFileReference; fileEncoding = 4; lastKnownFileType = sourcecode.c.objc; path = JSMercuryConstants.m; sourceTree = "<group>"; };
		1EE2FB181CD4084D00A61F1B /* JSMercuryCreditToken.h */ = {isa = PBXFileReference; fileEncoding = 4; lastKnownFileType = sourcecode.c.h; path = JSMercuryCreditToken.h; sourceTree = "<group>"; };
		1EE2FB191CD4084D00A61F1B /* JSMercuryCreditToken.m */ = {isa = PBXFileReference; fileEncoding = 4; lastKnownFileType = sourcecode.c.objc; path = JSMercuryCreditToken.m; sourceTree = "<group>"; };
		1EE2FB1A1CD4084D00A61F1B /* JSMercuryCreditTokenAdjust.h */ = {isa = PBXFileReference; fileEncoding = 4; lastKnownFileType = sourcecode.c.h; path = JSMercuryCreditTokenAdjust.h; sourceTree = "<group>"; };
		1EE2FB1B1CD4084D00A61F1B /* JSMercuryCreditTokenAdjust.m */ = {isa = PBXFileReference; fileEncoding = 4; lastKnownFileType = sourcecode.c.objc; path = JSMercuryCreditTokenAdjust.m; sourceTree = "<group>"; };
		1EE2FB1C1CD4084D00A61F1B /* JSMercuryCreditTokenPreAuth.h */ = {isa = PBXFileReference; fileEncoding = 4; lastKnownFileType = sourcecode.c.h; path = JSMercuryCreditTokenPreAuth.h; sourceTree = "<group>"; };
		1EE2FB1D1CD4084D00A61F1B /* JSMercuryCreditTokenPreAuth.m */ = {isa = PBXFileReference; fileEncoding = 4; lastKnownFileType = sourcecode.c.objc; path = JSMercuryCreditTokenPreAuth.m; sourceTree = "<group>"; };
		1EE2FB1E1CD4084D00A61F1B /* JSMercuryCreditTokenPreAuthCapture.h */ = {isa = PBXFileReference; fileEncoding = 4; lastKnownFileType = sourcecode.c.h; path = JSMercuryCreditTokenPreAuthCapture.h; sourceTree = "<group>"; };
		1EE2FB1F1CD4084D00A61F1B /* JSMercuryCreditTokenPreAuthCapture.m */ = {isa = PBXFileReference; fileEncoding = 4; lastKnownFileType = sourcecode.c.objc; path = JSMercuryCreditTokenPreAuthCapture.m; sourceTree = "<group>"; };
		1EE2FB201CD4084D00A61F1B /* JSMercuryCreditTokenResponse.h */ = {isa = PBXFileReference; fileEncoding = 4; lastKnownFileType = sourcecode.c.h; path = JSMercuryCreditTokenResponse.h; sourceTree = "<group>"; };
		1EE2FB211CD4084D00A61F1B /* JSMercuryCreditTokenResponse.m */ = {isa = PBXFileReference; fileEncoding = 4; lastKnownFileType = sourcecode.c.objc; path = JSMercuryCreditTokenResponse.m; sourceTree = "<group>"; };
		1EE2FB221CD4084D00A61F1B /* JSMercuryCreditTokenReturn.h */ = {isa = PBXFileReference; fileEncoding = 4; lastKnownFileType = sourcecode.c.h; path = JSMercuryCreditTokenReturn.h; sourceTree = "<group>"; };
		1EE2FB231CD4084D00A61F1B /* JSMercuryCreditTokenReturn.m */ = {isa = PBXFileReference; fileEncoding = 4; lastKnownFileType = sourcecode.c.objc; path = JSMercuryCreditTokenReturn.m; sourceTree = "<group>"; };
		1EE2FB241CD4084D00A61F1B /* JSMercuryCreditTokenReversal.h */ = {isa = PBXFileReference; fileEncoding = 4; lastKnownFileType = sourcecode.c.h; path = JSMercuryCreditTokenReversal.h; sourceTree = "<group>"; };
		1EE2FB251CD4084D00A61F1B /* JSMercuryCreditTokenReversal.m */ = {isa = PBXFileReference; fileEncoding = 4; lastKnownFileType = sourcecode.c.objc; path = JSMercuryCreditTokenReversal.m; sourceTree = "<group>"; };
		1EE2FB261CD4084D00A61F1B /* JSMercuryCreditTokenSale.h */ = {isa = PBXFileReference; fileEncoding = 4; lastKnownFileType = sourcecode.c.h; path = JSMercuryCreditTokenSale.h; sourceTree = "<group>"; };
		1EE2FB271CD4084D00A61F1B /* JSMercuryCreditTokenSale.m */ = {isa = PBXFileReference; fileEncoding = 4; lastKnownFileType = sourcecode.c.objc; path = JSMercuryCreditTokenSale.m; sourceTree = "<group>"; };
		1EE2FB281CD4084D00A61F1B /* JSMercuryCreditTokenVoidReturn.h */ = {isa = PBXFileReference; fileEncoding = 4; lastKnownFileType = sourcecode.c.h; path = JSMercuryCreditTokenVoidReturn.h; sourceTree = "<group>"; };
		1EE2FB291CD4084D00A61F1B /* JSMercuryCreditTokenVoidReturn.m */ = {isa = PBXFileReference; fileEncoding = 4; lastKnownFileType = sourcecode.c.objc; path = JSMercuryCreditTokenVoidReturn.m; sourceTree = "<group>"; };
		1EE2FB2A1CD4084D00A61F1B /* JSMercuryCreditTokenVoidSale.h */ = {isa = PBXFileReference; fileEncoding = 4; lastKnownFileType = sourcecode.c.h; path = JSMercuryCreditTokenVoidSale.h; sourceTree = "<group>"; };
		1EE2FB2B1CD4084D00A61F1B /* JSMercuryCreditTokenVoidSale.m */ = {isa = PBXFileReference; fileEncoding = 4; lastKnownFileType = sourcecode.c.objc; path = JSMercuryCreditTokenVoidSale.m; sourceTree = "<group>"; };
		1EE2FB2C1CD4084D00A61F1B /* JSMercuryError.h */ = {isa = PBXFileReference; fileEncoding = 4; lastKnownFileType = sourcecode.c.h; path = JSMercuryError.h; sourceTree = "<group>"; };
		1EE2FB2D1CD4084D00A61F1B /* JSMercuryError.m */ = {isa = PBXFileReference; fileEncoding = 4; lastKnownFileType = sourcecode.c.objc; path = JSMercuryError.m; sourceTree = "<group>"; };
		1EE2FB2E1CD4084D00A61F1B /* JSMercuryInitialize.h */ = {isa = PBXFileReference; fileEncoding = 4; lastKnownFileType = sourcecode.c.h; path = JSMercuryInitialize.h; sourceTree = "<group>"; };
		1EE2FB2F1CD4084D00A61F1B /* JSMercuryInitialize.m */ = {isa = PBXFileReference; fileEncoding = 4; lastKnownFileType = sourcecode.c.objc; path = JSMercuryInitialize.m; sourceTree = "<group>"; };
		1EE2FB301CD4084D00A61F1B /* JSMercuryInitializeCardInfo.h */ = {isa = PBXFileReference; fileEncoding = 4; lastKnownFileType = sourcecode.c.h; path = JSMercuryInitializeCardInfo.h; sourceTree = "<group>"; };
		1EE2FB311CD4084D00A61F1B /* JSMercuryInitializeCardInfo.m */ = {isa = PBXFileReference; fileEncoding = 4; lastKnownFileType = sourcecode.c.objc; path = JSMercuryInitializeCardInfo.m; sourceTree = "<group>"; };
		1EE2FB321CD4084D00A61F1B /* JSMercuryInitializePayment.h */ = {isa = PBXFileReference; fileEncoding = 4; lastKnownFileType = sourcecode.c.h; path = JSMercuryInitializePayment.h; sourceTree = "<group>"; };
		1EE2FB331CD4084D00A61F1B /* JSMercuryInitializePayment.m */ = {isa = PBXFileReference; fileEncoding = 4; lastKnownFileType = sourcecode.c.objc; path = JSMercuryInitializePayment.m; sourceTree = "<group>"; };
		1EE2FB341CD4084D00A61F1B /* JSMercuryInitializeResponse.h */ = {isa = PBXFileReference; fileEncoding = 4; lastKnownFileType = sourcecode.c.h; path = JSMercuryInitializeResponse.h; sourceTree = "<group>"; };
		1EE2FB351CD4084D00A61F1B /* JSMercuryInitializeResponse.m */ = {isa = PBXFileReference; fileEncoding = 4; lastKnownFileType = sourcecode.c.objc; path = JSMercuryInitializeResponse.m; sourceTree = "<group>"; };
		1EE2FB361CD4084D00A61F1B /* JSMercuryTypeDef.h */ = {isa = PBXFileReference; fileEncoding = 4; lastKnownFileType = sourcecode.c.h; path = JSMercuryTypeDef.h; sourceTree = "<group>"; };
		1EE2FB371CD4084D00A61F1B /* JSMercuryUtility.h */ = {isa = PBXFileReference; fileEncoding = 4; lastKnownFileType = sourcecode.c.h; path = JSMercuryUtility.h; sourceTree = "<group>"; };
		1EE2FB381CD4084D00A61F1B /* JSMercuryUtility.m */ = {isa = PBXFileReference; fileEncoding = 4; lastKnownFileType = sourcecode.c.objc; path = JSMercuryUtility.m; sourceTree = "<group>"; };
		1EE2FB391CD4084D00A61F1B /* JSMercuryVerify.h */ = {isa = PBXFileReference; fileEncoding = 4; lastKnownFileType = sourcecode.c.h; path = JSMercuryVerify.h; sourceTree = "<group>"; };
		1EE2FB3A1CD4084D00A61F1B /* JSMercuryVerify.m */ = {isa = PBXFileReference; fileEncoding = 4; lastKnownFileType = sourcecode.c.objc; path = JSMercuryVerify.m; sourceTree = "<group>"; };
		1EE2FB3B1CD4084D00A61F1B /* JSMercuryVerifyCardInfo.h */ = {isa = PBXFileReference; fileEncoding = 4; lastKnownFileType = sourcecode.c.h; path = JSMercuryVerifyCardInfo.h; sourceTree = "<group>"; };
		1EE2FB3C1CD4084D00A61F1B /* JSMercuryVerifyCardInfo.m */ = {isa = PBXFileReference; fileEncoding = 4; lastKnownFileType = sourcecode.c.objc; path = JSMercuryVerifyCardInfo.m; sourceTree = "<group>"; };
		1EE2FB3D1CD4084D00A61F1B /* JSMercuryVerifyPayment.h */ = {isa = PBXFileReference; fileEncoding = 4; lastKnownFileType = sourcecode.c.h; path = JSMercuryVerifyPayment.h; sourceTree = "<group>"; };
		1EE2FB3E1CD4084D00A61F1B /* JSMercuryVerifyPayment.m */ = {isa = PBXFileReference; fileEncoding = 4; lastKnownFileType = sourcecode.c.objc; path = JSMercuryVerifyPayment.m; sourceTree = "<group>"; };
		1EE2FB3F1CD4084D00A61F1B /* JSMercuryWebViewController.h */ = {isa = PBXFileReference; fileEncoding = 4; lastKnownFileType = sourcecode.c.h; path = JSMercuryWebViewController.h; sourceTree = "<group>"; };
		1EE2FB401CD4084D00A61F1B /* JSMercuryWebViewController.m */ = {isa = PBXFileReference; fileEncoding = 4; lastKnownFileType = sourcecode.c.objc; path = JSMercuryWebViewController.m; sourceTree = "<group>"; };
		1EE2FB411CD4084D00A61F1B /* JSMercuryWebViewStoryboard.storyboard */ = {isa = PBXFileReference; fileEncoding = 4; lastKnownFileType = file.storyboard; path = JSMercuryWebViewStoryboard.storyboard; sourceTree = "<group>"; };
		1EE2FB5B1CD409F800A61F1B /* JSMercuryCoreDataController.h */ = {isa = PBXFileReference; fileEncoding = 4; lastKnownFileType = sourcecode.c.h; path = JSMercuryCoreDataController.h; sourceTree = "<group>"; };
		1EE2FB5C1CD409F800A61F1B /* JSMercuryCoreDataController.m */ = {isa = PBXFileReference; fileEncoding = 4; lastKnownFileType = sourcecode.c.objc; path = JSMercuryCoreDataController.m; sourceTree = "<group>"; };
		1EE2FB711CD419C200A61F1B /* NSManagedObjectContext+Properties.h */ = {isa = PBXFileReference; fileEncoding = 4; lastKnownFileType = sourcecode.c.h; path = "NSManagedObjectContext+Properties.h"; sourceTree = "<group>"; };
		1EE2FB721CD419C200A61F1B /* NSManagedObjectContext+Properties.m */ = {isa = PBXFileReference; fileEncoding = 4; lastKnownFileType = sourcecode.c.objc; path = "NSManagedObjectContext+Properties.m"; sourceTree = "<group>"; };
		1EE2FB731CD419C200A61F1B /* NSManagedObject+Properties.h */ = {isa = PBXFileReference; fileEncoding = 4; lastKnownFileType = sourcecode.c.h; path = "NSManagedObject+Properties.h"; sourceTree = "<group>"; };
		1EE2FB741CD419C200A61F1B /* NSManagedObject+Properties.m */ = {isa = PBXFileReference; fileEncoding = 4; lastKnownFileType = sourcecode.c.objc; path = "NSManagedObject+Properties.m"; sourceTree = "<group>"; };
		1EE2FB9B1CD41E3500A61F1B /* VerifyPayment+CoreDataProperties.h */ = {isa = PBXFileReference; fileEncoding = 4; lastKnownFileType = sourcecode.c.h; path = "VerifyPayment+CoreDataProperties.h"; sourceTree = "<group>"; };
		1EE2FB9C1CD41E3500A61F1B /* VerifyPayment+CoreDataProperties.m */ = {isa = PBXFileReference; fileEncoding = 4; lastKnownFileType = sourcecode.c.objc; path = "VerifyPayment+CoreDataProperties.m"; sourceTree = "<group>"; };
		1EE2FB9F1CD41E3500A61F1B /* Verify+CoreDataProperties.h */ = {isa = PBXFileReference; fileEncoding = 4; lastKnownFileType = sourcecode.c.h; path = "Verify+CoreDataProperties.h"; sourceTree = "<group>"; };
		1EE2FBA01CD41E3500A61F1B /* Verify+CoreDataProperties.m */ = {isa = PBXFileReference; fileEncoding = 4; lastKnownFileType = sourcecode.c.objc; path = "Verify+CoreDataProperties.m"; sourceTree = "<group>"; };
		1EE2FBA11CD41E3500A61F1B /* Verify.h */ = {isa = PBXFileReference; fileEncoding = 4; lastKnownFileType = sourcecode.c.h; path = Verify.h; sourceTree = "<group>"; };
		1EE2FBA21CD41E3500A61F1B /* Verify.m */ = {isa = PBXFileReference; fileEncoding = 4; lastKnownFileType = sourcecode.c.objc; path = Verify.m; sourceTree = "<group>"; };
		1EE2FBA31CD41E3500A61F1B /* VerifyCardInfo+CoreDataProperties.h */ = {isa = PBXFileReference; fileEncoding = 4; lastKnownFileType = sourcecode.c.h; path = "VerifyCardInfo+CoreDataProperties.h"; sourceTree = "<group>"; };
		1EE2FBA41CD41E3500A61F1B /* VerifyCardInfo+CoreDataProperties.m */ = {isa = PBXFileReference; fileEncoding = 4; lastKnownFileType = sourcecode.c.objc; path = "VerifyCardInfo+CoreDataProperties.m"; sourceTree = "<group>"; };
		1EE2FBA51CD41E3500A61F1B /* VerifyCardInfo.h */ = {isa = PBXFileReference; fileEncoding = 4; lastKnownFileType = sourcecode.c.h; path = VerifyCardInfo.h; sourceTree = "<group>"; };
		1EE2FBA61CD41E3500A61F1B /* VerifyCardInfo.m */ = {isa = PBXFileReference; fileEncoding = 4; lastKnownFileType = sourcecode.c.objc; path = VerifyCardInfo.m; sourceTree = "<group>"; };
		1EE2FBAD1CD41E5700A61F1B /* VerifyPayment.m */ = {isa = PBXFileReference; fileEncoding = 4; lastKnownFileType = sourcecode.c.objc; path = VerifyPayment.m; sourceTree = "<group>"; };
		1EE2FBAF1CD41E6E00A61F1B /* VerifyPayment.h */ = {isa = PBXFileReference; fileEncoding = 4; lastKnownFileType = sourcecode.c.h; path = VerifyPayment.h; sourceTree = "<group>"; };
		1EE2FBB11CD7DAF300A61F1B /* CoreData.framework */ = {isa = PBXFileReference; lastKnownFileType = wrapper.framework; name = CoreData.framework; path = System/Library/Frameworks/CoreData.framework; sourceTree = SDKROOT; };
		1EE2FBB31CD7FA6700A61F1B /* PurchasesController.h */ = {isa = PBXFileReference; fileEncoding = 4; lastKnownFileType = sourcecode.c.h; path = PurchasesController.h; sourceTree = "<group>"; };
		1EE2FBB41CD7FA6700A61F1B /* PurchasesController.m */ = {isa = PBXFileReference; fileEncoding = 4; lastKnownFileType = sourcecode.c.objc; path = PurchasesController.m; sourceTree = "<group>"; };
		1EE2FBB61CD7FA7700A61F1B /* InitializeController.h */ = {isa = PBXFileReference; fileEncoding = 4; lastKnownFileType = sourcecode.c.h; path = InitializeController.h; sourceTree = "<group>"; };
		1EE2FBB71CD7FA7700A61F1B /* InitializeController.m */ = {isa = PBXFileReference; fileEncoding = 4; lastKnownFileType = sourcecode.c.objc; path = InitializeController.m; sourceTree = "<group>"; };
		1EE2FBBC1CD7FACE00A61F1B /* PurchasesCell.h */ = {isa = PBXFileReference; fileEncoding = 4; lastKnownFileType = sourcecode.c.h; path = PurchasesCell.h; sourceTree = "<group>"; };
		1EE2FBBD1CD7FACE00A61F1B /* PurchasesCell.m */ = {isa = PBXFileReference; fileEncoding = 4; lastKnownFileType = sourcecode.c.objc; path = PurchasesCell.m; sourceTree = "<group>"; };
		1EE2FBBF1CD8080100A61F1B /* PurchasesViewModel.h */ = {isa = PBXFileReference; fileEncoding = 4; lastKnownFileType = sourcecode.c.h; path = PurchasesViewModel.h; sourceTree = "<group>"; };
		1EE2FBC01CD8080100A61F1B /* PurchasesViewModel.m */ = {isa = PBXFileReference; fileEncoding = 4; lastKnownFileType = sourcecode.c.objc; path = PurchasesViewModel.m; sourceTree = "<group>"; };
		1EE2FBC21CD80D9D00A61F1B /* CardViewModel.h */ = {isa = PBXFileReference; fileEncoding = 4; lastKnownFileType = sourcecode.c.h; path = CardViewModel.h; sourceTree = "<group>"; };
		1EE2FBC31CD80D9D00A61F1B /* CardViewModel.m */ = {isa = PBXFileReference; fileEncoding = 4; lastKnownFileType = sourcecode.c.objc; path = CardViewModel.m; sourceTree = "<group>"; };
		1EE2FBC51CD80E0000A61F1B /* CardCell.h */ = {isa = PBXFileReference; fileEncoding = 4; lastKnownFileType = sourcecode.c.h; path = CardCell.h; sourceTree = "<group>"; };
		1EE2FBC61CD80E0000A61F1B /* CardCell.m */ = {isa = PBXFileReference; fileEncoding = 4; lastKnownFileType = sourcecode.c.objc; path = CardCell.m; sourceTree = "<group>"; };
		1EE2FBCE1CD93FF600A61F1B /* CreditController.h */ = {isa = PBXFileReference; fileEncoding = 4; lastKnownFileType = sourcecode.c.h; path = CreditController.h; sourceTree = "<group>"; };
		1EE2FBCF1CD93FF600A61F1B /* CreditController.m */ = {isa = PBXFileReference; fileEncoding = 4; lastKnownFileType = sourcecode.c.objc; path = CreditController.m; sourceTree = "<group>"; };
		1EE2FBD11CD9400800A61F1B /* CreditCell.h */ = {isa = PBXFileReference; fileEncoding = 4; lastKnownFileType = sourcecode.c.h; path = CreditCell.h; sourceTree = "<group>"; };
		1EE2FBD21CD9400800A61F1B /* CreditCell.m */ = {isa = PBXFileReference; fileEncoding = 4; lastKnownFileType = sourcecode.c.objc; path = CreditCell.m; sourceTree = "<group>"; };
		1EE2FBD41CD9401300A61F1B /* CreditViewModel.h */ = {isa = PBXFileReference; fileEncoding = 4; lastKnownFileType = sourcecode.c.h; path = CreditViewModel.h; sourceTree = "<group>"; };
		1EE2FBD51CD9401300A61F1B /* CreditViewModel.m */ = {isa = PBXFileReference; fileEncoding = 4; lastKnownFileType = sourcecode.c.objc; path = CreditViewModel.m; sourceTree = "<group>"; };
		1EE2FBD71CE1054F00A61F1B /* JSCardView.h */ = {isa = PBXFileReference; fileEncoding = 4; lastKnownFileType = sourcecode.c.h; path = JSCardView.h; sourceTree = "<group>"; };
		1EE2FBD81CE1054F00A61F1B /* JSCardView.m */ = {isa = PBXFileReference; fileEncoding = 4; lastKnownFileType = sourcecode.c.objc; path = JSCardView.m; sourceTree = "<group>"; };
		1EE2FBD91CE1054F00A61F1B /* JSCardView.xib */ = {isa = PBXFileReference; fileEncoding = 4; lastKnownFileType = file.xib; path = JSCardView.xib; sourceTree = "<group>"; };
		1EE2FBE21CE1538700A61F1B /* JSCheckoutController.h */ = {isa = PBXFileReference; fileEncoding = 4; lastKnownFileType = sourcecode.c.h; path = JSCheckoutController.h; sourceTree = "<group>"; };
		1EE2FBE31CE1538700A61F1B /* JSCheckoutController.m */ = {isa = PBXFileReference; fileEncoding = 4; lastKnownFileType = sourcecode.c.objc; path = JSCheckoutController.m; sourceTree = "<group>"; };
		1EE2FBE81CE25BBA00A61F1B /* JSPresentationController.h */ = {isa = PBXFileReference; fileEncoding = 4; lastKnownFileType = sourcecode.c.h; path = JSPresentationController.h; sourceTree = "<group>"; };
		1EE2FBE91CE25BBA00A61F1B /* JSPresentationController.m */ = {isa = PBXFileReference; fileEncoding = 4; lastKnownFileType = sourcecode.c.objc; path = JSPresentationController.m; sourceTree = "<group>"; };
		1EE2FBEB1CE25BD200A61F1B /* JSAnimationTransitionController.h */ = {isa = PBXFileReference; fileEncoding = 4; lastKnownFileType = sourcecode.c.h; path = JSAnimationTransitionController.h; sourceTree = "<group>"; };
		1EE2FBEC1CE25BD200A61F1B /* JSAnimationTransitionController.m */ = {isa = PBXFileReference; fileEncoding = 4; lastKnownFileType = sourcecode.c.objc; path = JSAnimationTransitionController.m; sourceTree = "<group>"; };
		1EE2FBEE1CE25BEC00A61F1B /* JSCheckoutPresentationController.h */ = {isa = PBXFileReference; fileEncoding = 4; lastKnownFileType = sourcecode.c.h; path = JSCheckoutPresentationController.h; sourceTree = "<group>"; };
		1EE2FBEF1CE25BEC00A61F1B /* JSCheckoutPresentationController.m */ = {isa = PBXFileReference; fileEncoding = 4; lastKnownFileType = sourcecode.c.objc; path = JSCheckoutPresentationController.m; sourceTree = "<group>"; };
		1EE2FBF11CE25D9600A61F1B /* JSCheckoutController.storyboard */ = {isa = PBXFileReference; fileEncoding = 4; lastKnownFileType = file.storyboard; path = JSCheckoutController.storyboard; sourceTree = "<group>"; };
		1EE2FBF31CE2814000A61F1B /* JSCheckoutCardBillingCell.h */ = {isa = PBXFileReference; fileEncoding = 4; lastKnownFileType = sourcecode.c.h; path = JSCheckoutCardBillingCell.h; sourceTree = "<group>"; };
		1EE2FBF41CE2814000A61F1B /* JSCheckoutCardBillingCell.m */ = {isa = PBXFileReference; fileEncoding = 4; lastKnownFileType = sourcecode.c.objc; path = JSCheckoutCardBillingCell.m; sourceTree = "<group>"; };
		1EE2FBF61CE2815400A61F1B /* JSCheckoutShippingCell.h */ = {isa = PBXFileReference; fileEncoding = 4; lastKnownFileType = sourcecode.c.h; path = JSCheckoutShippingCell.h; sourceTree = "<group>"; };
		1EE2FBF71CE2815400A61F1B /* JSCheckoutShippingCell.m */ = {isa = PBXFileReference; fileEncoding = 4; lastKnownFileType = sourcecode.c.objc; path = JSCheckoutShippingCell.m; sourceTree = "<group>"; };
		1EE2FBF91CE2816400A61F1B /* JSCheckoutOrderCell.h */ = {isa = PBXFileReference; fileEncoding = 4; lastKnownFileType = sourcecode.c.h; path = JSCheckoutOrderCell.h; sourceTree = "<group>"; };
		1EE2FBFA1CE2816400A61F1B /* JSCheckoutOrderCell.m */ = {isa = PBXFileReference; fileEncoding = 4; lastKnownFileType = sourcecode.c.objc; path = JSCheckoutOrderCell.m; sourceTree = "<group>"; };
		1EE2FBFC1CE282B300A61F1B /* JSCheckoutSubmitCell.h */ = {isa = PBXFileReference; fileEncoding = 4; lastKnownFileType = sourcecode.c.h; path = JSCheckoutSubmitCell.h; sourceTree = "<group>"; };
		1EE2FBFD1CE282B300A61F1B /* JSCheckoutSubmitCell.m */ = {isa = PBXFileReference; fileEncoding = 4; lastKnownFileType = sourcecode.c.objc; path = JSCheckoutSubmitCell.m; sourceTree = "<group>"; };
		1EE2FBFF1CE2891A00A61F1B /* JSCheckoutCompanyCell.h */ = {isa = PBXFileReference; fileEncoding = 4; lastKnownFileType = sourcecode.c.h; path = JSCheckoutCompanyCell.h; sourceTree = "<group>"; };
		1EE2FC001CE2891A00A61F1B /* JSCheckoutCompanyCell.m */ = {isa = PBXFileReference; fileEncoding = 4; lastKnownFileType = sourcecode.c.objc; path = JSCheckoutCompanyCell.m; sourceTree = "<group>"; };
		1EE2FC021CE2926D00A61F1B /* JSCheckoutAddressEntryController.h */ = {isa = PBXFileReference; fileEncoding = 4; lastKnownFileType = sourcecode.c.h; path = JSCheckoutAddressEntryController.h; sourceTree = "<group>"; };
		1EE2FC031CE2926D00A61F1B /* JSCheckoutAddressEntryController.m */ = {isa = PBXFileReference; fileEncoding = 4; lastKnownFileType = sourcecode.c.objc; path = JSCheckoutAddressEntryController.m; sourceTree = "<group>"; };
		1EE2FC051CE39EF600A61F1B /* JSCheckoutAddressController.h */ = {isa = PBXFileReference; fileEncoding = 4; lastKnownFileType = sourcecode.c.h; path = JSCheckoutAddressController.h; sourceTree = "<group>"; };
		1EE2FC061CE39EF600A61F1B /* JSCheckoutAddressController.m */ = {isa = PBXFileReference; fileEncoding = 4; lastKnownFileType = sourcecode.c.objc; path = JSCheckoutAddressController.m; sourceTree = "<group>"; };
		1EE2FC0B1CE3B10D00A61F1B /* JSCheckoutAddressViewModel.h */ = {isa = PBXFileReference; fileEncoding = 4; lastKnownFileType = sourcecode.c.h; path = JSCheckoutAddressViewModel.h; sourceTree = "<group>"; };
		1EE2FC0C1CE3B10D00A61F1B /* JSCheckoutAddressViewModel.m */ = {isa = PBXFileReference; fileEncoding = 4; lastKnownFileType = sourcecode.c.objc; path = JSCheckoutAddressViewModel.m; sourceTree = "<group>"; };
		1EE2FC0E1CE3C2A900A61F1B /* Address+CoreDataProperties.h */ = {isa = PBXFileReference; fileEncoding = 4; lastKnownFileType = sourcecode.c.h; path = "Address+CoreDataProperties.h"; sourceTree = "<group>"; };
		1EE2FC0F1CE3C2A900A61F1B /* Address+CoreDataProperties.m */ = {isa = PBXFileReference; fileEncoding = 4; lastKnownFileType = sourcecode.c.objc; path = "Address+CoreDataProperties.m"; sourceTree = "<group>"; };
		1EE2FC101CE3C2A900A61F1B /* Address.h */ = {isa = PBXFileReference; fileEncoding = 4; lastKnownFileType = sourcecode.c.h; path = Address.h; sourceTree = "<group>"; };
		1EE2FC111CE3C2A900A61F1B /* Address.m */ = {isa = PBXFileReference; fileEncoding = 4; lastKnownFileType = sourcecode.c.objc; path = Address.m; sourceTree = "<group>"; };
		1EE2FC141CE3E50500A61F1B /* JSCheckoutCardBillingController.h */ = {isa = PBXFileReference; fileEncoding = 4; lastKnownFileType = sourcecode.c.h; path = JSCheckoutCardBillingController.h; sourceTree = "<group>"; };
		1EE2FC151CE3E50500A61F1B /* JSCheckoutCardBillingController.m */ = {isa = PBXFileReference; fileEncoding = 4; lastKnownFileType = sourcecode.c.objc; path = JSCheckoutCardBillingController.m; sourceTree = "<group>"; };
		1EE2FC171CE4E55B00A61F1B /* JSMercuryCardController.h */ = {isa = PBXFileReference; fileEncoding = 4; lastKnownFileType = sourcecode.c.h; path = JSMercuryCardController.h; sourceTree = "<group>"; };
		1EE2FC181CE4E55B00A61F1B /* JSMercuryCardController.m */ = {isa = PBXFileReference; fileEncoding = 4; lastKnownFileType = sourcecode.c.objc; path = JSMercuryCardController.m; sourceTree = "<group>"; };
		1EE2FC1A1CE4E56600A61F1B /* JSMercuryCardController.storyboard */ = {isa = PBXFileReference; fileEncoding = 4; lastKnownFileType = file.storyboard; path = JSMercuryCardController.storyboard; sourceTree = "<group>"; };
		1EE2FC1C1CE4FD9200A61F1B /* CreditResponse+CoreDataProperties.h */ = {isa = PBXFileReference; fileEncoding = 4; lastKnownFileType = sourcecode.c.h; path = "CreditResponse+CoreDataProperties.h"; sourceTree = "<group>"; };
		1EE2FC1D1CE4FD9200A61F1B /* CreditResponse+CoreDataProperties.m */ = {isa = PBXFileReference; fileEncoding = 4; lastKnownFileType = sourcecode.c.objc; path = "CreditResponse+CoreDataProperties.m"; sourceTree = "<group>"; };
		1EE2FC1E1CE4FD9200A61F1B /* CreditResponse.h */ = {isa = PBXFileReference; fileEncoding = 4; lastKnownFileType = sourcecode.c.h; path = CreditResponse.h; sourceTree = "<group>"; };
		1EE2FC1F1CE4FD9200A61F1B /* CreditResponse.m */ = {isa = PBXFileReference; fileEncoding = 4; lastKnownFileType = sourcecode.c.objc; path = CreditResponse.m; sourceTree = "<group>"; };
/* End PBXFileReference section */

/* Begin PBXFrameworksBuildPhase section */
		1EB01C1C1CC59C8C006D83FD /* Frameworks */ = {
			isa = PBXFrameworksBuildPhase;
			buildActionMask = 2147483647;
			files = (
				1EE2FBB21CD7DAF300A61F1B /* CoreData.framework in Frameworks */,
			);
			runOnlyForDeploymentPostprocessing = 0;
		};
		1EB01C381CC59C8C006D83FD /* Frameworks */ = {
			isa = PBXFrameworksBuildPhase;
			buildActionMask = 2147483647;
			files = (
			);
			runOnlyForDeploymentPostprocessing = 0;
		};
		1EB01C431CC59C8C006D83FD /* Frameworks */ = {
			isa = PBXFrameworksBuildPhase;
			buildActionMask = 2147483647;
			files = (
			);
			runOnlyForDeploymentPostprocessing = 0;
		};
/* End PBXFrameworksBuildPhase section */

/* Begin PBXGroup section */
		1EB01C161CC59C8C006D83FD = {
			isa = PBXGroup;
			children = (
				1EE2FBB11CD7DAF300A61F1B /* CoreData.framework */,
				1EB01C211CC59C8C006D83FD /* MercurySDK */,
				1EB01C3E1CC59C8C006D83FD /* MercurySDKTests */,
				1EB01C491CC59C8C006D83FD /* MercurySDKUITests */,
				1EB01C201CC59C8C006D83FD /* Products */,
			);
			sourceTree = "<group>";
		};
		1EB01C201CC59C8C006D83FD /* Products */ = {
			isa = PBXGroup;
			children = (
				1EB01C1F1CC59C8C006D83FD /* MercurySDK.app */,
				1EB01C3B1CC59C8C006D83FD /* MercurySDKTests.xctest */,
				1EB01C461CC59C8C006D83FD /* MercurySDKUITests.xctest */,
			);
			name = Products;
			sourceTree = "<group>";
		};
		1EB01C211CC59C8C006D83FD /* MercurySDK */ = {
			isa = PBXGroup;
			children = (
				1EB01C251CC59C8C006D83FD /* AppDelegate.h */,
				1EB01C261CC59C8C006D83FD /* AppDelegate.m */,
				1EE2FC221CE5093B00A61F1B /* Demo */,
				1EE2FB5A1CD4085500A61F1B /* SDK */,
				1EB01C2B1CC59C8C006D83FD /* Main.storyboard */,
				1EB01C311CC59C8C006D83FD /* Assets.xcassets */,
				1EB01C331CC59C8C006D83FD /* LaunchScreen.storyboard */,
				1EB01C361CC59C8C006D83FD /* Info.plist */,
				1EB01C221CC59C8C006D83FD /* Supporting Files */,
			);
			path = MercurySDK;
			sourceTree = "<group>";
		};
		1EB01C221CC59C8C006D83FD /* Supporting Files */ = {
			isa = PBXGroup;
			children = (
				1EB01C231CC59C8C006D83FD /* main.m */,
			);
			name = "Supporting Files";
			sourceTree = "<group>";
		};
		1EB01C3E1CC59C8C006D83FD /* MercurySDKTests */ = {
			isa = PBXGroup;
			children = (
				1EB01C3F1CC59C8C006D83FD /* MercurySDKTests.m */,
				1EB01C411CC59C8C006D83FD /* Info.plist */,
			);
			path = MercurySDKTests;
			sourceTree = "<group>";
		};
		1EB01C491CC59C8C006D83FD /* MercurySDKUITests */ = {
			isa = PBXGroup;
			children = (
				1EB01C4A1CC59C8C006D83FD /* MercurySDKUITests.m */,
				1EB01C4C1CC59C8C006D83FD /* Info.plist */,
			);
			path = MercurySDKUITests;
			sourceTree = "<group>";
		};
		1EE2FB5A1CD4085500A61F1B /* SDK */ = {
			isa = PBXGroup;
			children = (
				1EE2FB121CD4084D00A61F1B /* HCMercuryHelper.h */,
				1EE2FB131CD4084D00A61F1B /* HCMercuryHelper.m */,
				1EE2FB141CD4084D00A61F1B /* JSMercury.h */,
				1EE2FB151CD4084D00A61F1B /* JSMercury.m */,
				1EE2FB161CD4084D00A61F1B /* JSMercuryConstants.h */,
				1EE2FB171CD4084D00A61F1B /* JSMercuryConstants.m */,
				1EE2FB181CD4084D00A61F1B /* JSMercuryCreditToken.h */,
				1EE2FB191CD4084D00A61F1B /* JSMercuryCreditToken.m */,
				1EE2FB1A1CD4084D00A61F1B /* JSMercuryCreditTokenAdjust.h */,
				1EE2FB1B1CD4084D00A61F1B /* JSMercuryCreditTokenAdjust.m */,
				1EE2FB1C1CD4084D00A61F1B /* JSMercuryCreditTokenPreAuth.h */,
				1EE2FB1D1CD4084D00A61F1B /* JSMercuryCreditTokenPreAuth.m */,
				1EE2FB1E1CD4084D00A61F1B /* JSMercuryCreditTokenPreAuthCapture.h */,
				1EE2FB1F1CD4084D00A61F1B /* JSMercuryCreditTokenPreAuthCapture.m */,
				1EE2FB201CD4084D00A61F1B /* JSMercuryCreditTokenResponse.h */,
				1EE2FB211CD4084D00A61F1B /* JSMercuryCreditTokenResponse.m */,
				1EE2FB221CD4084D00A61F1B /* JSMercuryCreditTokenReturn.h */,
				1EE2FB231CD4084D00A61F1B /* JSMercuryCreditTokenReturn.m */,
				1EE2FB241CD4084D00A61F1B /* JSMercuryCreditTokenReversal.h */,
				1EE2FB251CD4084D00A61F1B /* JSMercuryCreditTokenReversal.m */,
				1EE2FB261CD4084D00A61F1B /* JSMercuryCreditTokenSale.h */,
				1EE2FB271CD4084D00A61F1B /* JSMercuryCreditTokenSale.m */,
				1EE2FB281CD4084D00A61F1B /* JSMercuryCreditTokenVoidReturn.h */,
				1EE2FB291CD4084D00A61F1B /* JSMercuryCreditTokenVoidReturn.m */,
				1EE2FB2A1CD4084D00A61F1B /* JSMercuryCreditTokenVoidSale.h */,
				1EE2FB2B1CD4084D00A61F1B /* JSMercuryCreditTokenVoidSale.m */,
				1EE2FB2C1CD4084D00A61F1B /* JSMercuryError.h */,
				1EE2FB2D1CD4084D00A61F1B /* JSMercuryError.m */,
				1EE2FB2E1CD4084D00A61F1B /* JSMercuryInitialize.h */,
				1EE2FB2F1CD4084D00A61F1B /* JSMercuryInitialize.m */,
				1EE2FB301CD4084D00A61F1B /* JSMercuryInitializeCardInfo.h */,
				1EE2FB311CD4084D00A61F1B /* JSMercuryInitializeCardInfo.m */,
				1EE2FB321CD4084D00A61F1B /* JSMercuryInitializePayment.h */,
				1EE2FB331CD4084D00A61F1B /* JSMercuryInitializePayment.m */,
				1EE2FB341CD4084D00A61F1B /* JSMercuryInitializeResponse.h */,
				1EE2FB351CD4084D00A61F1B /* JSMercuryInitializeResponse.m */,
				1EE2FB361CD4084D00A61F1B /* JSMercuryTypeDef.h */,
				1EE2FB371CD4084D00A61F1B /* JSMercuryUtility.h */,
				1EE2FB381CD4084D00A61F1B /* JSMercuryUtility.m */,
				1EE2FB391CD4084D00A61F1B /* JSMercuryVerify.h */,
				1EE2FB3A1CD4084D00A61F1B /* JSMercuryVerify.m */,
				1EE2FB3B1CD4084D00A61F1B /* JSMercuryVerifyCardInfo.h */,
				1EE2FB3C1CD4084D00A61F1B /* JSMercuryVerifyCardInfo.m */,
				1EE2FB3D1CD4084D00A61F1B /* JSMercuryVerifyPayment.h */,
				1EE2FB3E1CD4084D00A61F1B /* JSMercuryVerifyPayment.m */,
				1EE2FB3F1CD4084D00A61F1B /* JSMercuryWebViewController.h */,
				1EE2FB401CD4084D00A61F1B /* JSMercuryWebViewController.m */,
				1EE2FB411CD4084D00A61F1B /* JSMercuryWebViewStoryboard.storyboard */,
				1EE2FB711CD419C200A61F1B /* NSManagedObjectContext+Properties.h */,
				1EE2FB721CD419C200A61F1B /* NSManagedObjectContext+Properties.m */,
				1EE2FB731CD419C200A61F1B /* NSManagedObject+Properties.h */,
				1EE2FB741CD419C200A61F1B /* NSManagedObject+Properties.m */,
				1EE2FB5E1CD40E7E00A61F1B /* CoreData */,
			);
			name = SDK;
			sourceTree = "<group>";
		};
		1EE2FB5E1CD40E7E00A61F1B /* CoreData */ = {
			isa = PBXGroup;
			children = (
				1EE2FB5B1CD409F800A61F1B /* JSMercuryCoreDataController.h */,
				1EE2FB5C1CD409F800A61F1B /* JSMercuryCoreDataController.m */,
				1EB01C2E1CC59C8C006D83FD /* MercurySDK.xcdatamodeld */,
				1EE2FC1C1CE4FD9200A61F1B /* CreditResponse+CoreDataProperties.h */,
				1EE2FC1D1CE4FD9200A61F1B /* CreditResponse+CoreDataProperties.m */,
				1EE2FC1E1CE4FD9200A61F1B /* CreditResponse.h */,
				1EE2FC1F1CE4FD9200A61F1B /* CreditResponse.m */,
				1EE2FC0E1CE3C2A900A61F1B /* Address+CoreDataProperties.h */,
				1EE2FC0F1CE3C2A900A61F1B /* Address+CoreDataProperties.m */,
				1EE2FC101CE3C2A900A61F1B /* Address.h */,
				1EE2FC111CE3C2A900A61F1B /* Address.m */,
				1EE2FB9B1CD41E3500A61F1B /* VerifyPayment+CoreDataProperties.h */,
				1EE2FB9C1CD41E3500A61F1B /* VerifyPayment+CoreDataProperties.m */,
				1EE2FBAF1CD41E6E00A61F1B /* VerifyPayment.h */,
				1EE2FBAD1CD41E5700A61F1B /* VerifyPayment.m */,
				1EE2FB9F1CD41E3500A61F1B /* Verify+CoreDataProperties.h */,
				1EE2FBA01CD41E3500A61F1B /* Verify+CoreDataProperties.m */,
				1EE2FBA11CD41E3500A61F1B /* Verify.h */,
				1EE2FBA21CD41E3500A61F1B /* Verify.m */,
				1EE2FBA31CD41E3500A61F1B /* VerifyCardInfo+CoreDataProperties.h */,
				1EE2FBA41CD41E3500A61F1B /* VerifyCardInfo+CoreDataProperties.m */,
				1EE2FBA51CD41E3500A61F1B /* VerifyCardInfo.h */,
				1EE2FBA61CD41E3500A61F1B /* VerifyCardInfo.m */,
			);
			name = CoreData;
			sourceTree = "<group>";
		};
		1EE2FC221CE5093B00A61F1B /* Demo */ = {
			isa = PBXGroup;
			children = (
				1EE2FBB31CD7FA6700A61F1B /* PurchasesController.h */,
				1EE2FBB41CD7FA6700A61F1B /* PurchasesController.m */,
				1EE2FBBF1CD8080100A61F1B /* PurchasesViewModel.h */,
				1EE2FBC01CD8080100A61F1B /* PurchasesViewModel.m */,
				1EE2FBBC1CD7FACE00A61F1B /* PurchasesCell.h */,
				1EE2FBBD1CD7FACE00A61F1B /* PurchasesCell.m */,
				1EE2FBB61CD7FA7700A61F1B /* InitializeController.h */,
				1EE2FBB71CD7FA7700A61F1B /* InitializeController.m */,
				1EE2FBC51CD80E0000A61F1B /* CardCell.h */,
				1EE2FBC61CD80E0000A61F1B /* CardCell.m */,
				1EE2FBC21CD80D9D00A61F1B /* CardViewModel.h */,
				1EE2FBC31CD80D9D00A61F1B /* CardViewModel.m */,
				1EE2FBCE1CD93FF600A61F1B /* CreditController.h */,
				1EE2FBCF1CD93FF600A61F1B /* CreditController.m */,
				1EE2FBD11CD9400800A61F1B /* CreditCell.h */,
				1EE2FBD21CD9400800A61F1B /* CreditCell.m */,
				1EE2FBD41CD9401300A61F1B /* CreditViewModel.h */,
				1EE2FBD51CD9401300A61F1B /* CreditViewModel.m */,
				1EE2FBE21CE1538700A61F1B /* JSCheckoutController.h */,
				1EE2FBE31CE1538700A61F1B /* JSCheckoutController.m */,
				1EE2FBF11CE25D9600A61F1B /* JSCheckoutController.storyboard */,
				1EE2FC141CE3E50500A61F1B /* JSCheckoutCardBillingController.h */,
				1EE2FC151CE3E50500A61F1B /* JSCheckoutCardBillingController.m */,
				1EE2FC051CE39EF600A61F1B /* JSCheckoutAddressController.h */,
				1EE2FC061CE39EF600A61F1B /* JSCheckoutAddressController.m */,
				1EE2FC0B1CE3B10D00A61F1B /* JSCheckoutAddressViewModel.h */,
				1EE2FC0C1CE3B10D00A61F1B /* JSCheckoutAddressViewModel.m */,
				1EE2FC021CE2926D00A61F1B /* JSCheckoutAddressEntryController.h */,
				1EE2FC031CE2926D00A61F1B /* JSCheckoutAddressEntryController.m */,
				1EE2FBFF1CE2891A00A61F1B /* JSCheckoutCompanyCell.h */,
				1EE2FC001CE2891A00A61F1B /* JSCheckoutCompanyCell.m */,
				1EE2FBF31CE2814000A61F1B /* JSCheckoutCardBillingCell.h */,
				1EE2FBF41CE2814000A61F1B /* JSCheckoutCardBillingCell.m */,
				1EE2FBF61CE2815400A61F1B /* JSCheckoutShippingCell.h */,
				1EE2FBF71CE2815400A61F1B /* JSCheckoutShippingCell.m */,
				1EE2FBF91CE2816400A61F1B /* JSCheckoutOrderCell.h */,
				1EE2FBFA1CE2816400A61F1B /* JSCheckoutOrderCell.m */,
				1EE2FBFC1CE282B300A61F1B /* JSCheckoutSubmitCell.h */,
				1EE2FBFD1CE282B300A61F1B /* JSCheckoutSubmitCell.m */,
				1EE2FBEB1CE25BD200A61F1B /* JSAnimationTransitionController.h */,
				1EE2FBEC1CE25BD200A61F1B /* JSAnimationTransitionController.m */,
				1EE2FBE81CE25BBA00A61F1B /* JSPresentationController.h */,
				1EE2FBE91CE25BBA00A61F1B /* JSPresentationController.m */,
				1EE2FBEE1CE25BEC00A61F1B /* JSCheckoutPresentationController.h */,
				1EE2FBEF1CE25BEC00A61F1B /* JSCheckoutPresentationController.m */,
				1EE2FC171CE4E55B00A61F1B /* JSMercuryCardController.h */,
				1EE2FC181CE4E55B00A61F1B /* JSMercuryCardController.m */,
				1EE2FC1A1CE4E56600A61F1B /* JSMercuryCardController.storyboard */,
				1EE2FBD71CE1054F00A61F1B /* JSCardView.h */,
				1EE2FBD81CE1054F00A61F1B /* JSCardView.m */,
				1EE2FBD91CE1054F00A61F1B /* JSCardView.xib */,
			);
			name = Demo;
			sourceTree = "<group>";
		};
/* End PBXGroup section */

/* Begin PBXNativeTarget section */
		1EB01C1E1CC59C8C006D83FD /* MercurySDK */ = {
			isa = PBXNativeTarget;
			buildConfigurationList = 1EB01C4F1CC59C8C006D83FD /* Build configuration list for PBXNativeTarget "MercurySDK" */;
			buildPhases = (
				1EB01C1B1CC59C8C006D83FD /* Sources */,
				1EB01C1C1CC59C8C006D83FD /* Frameworks */,
				1EB01C1D1CC59C8C006D83FD /* Resources */,
			);
			buildRules = (
			);
			dependencies = (
			);
			name = MercurySDK;
			productName = MercurySDK;
			productReference = 1EB01C1F1CC59C8C006D83FD /* MercurySDK.app */;
			productType = "com.apple.product-type.application";
		};
		1EB01C3A1CC59C8C006D83FD /* MercurySDKTests */ = {
			isa = PBXNativeTarget;
			buildConfigurationList = 1EB01C521CC59C8C006D83FD /* Build configuration list for PBXNativeTarget "MercurySDKTests" */;
			buildPhases = (
				1EB01C371CC59C8C006D83FD /* Sources */,
				1EB01C381CC59C8C006D83FD /* Frameworks */,
				1EB01C391CC59C8C006D83FD /* Resources */,
			);
			buildRules = (
			);
			dependencies = (
				1EB01C3D1CC59C8C006D83FD /* PBXTargetDependency */,
			);
			name = MercurySDKTests;
			productName = MercurySDKTests;
			productReference = 1EB01C3B1CC59C8C006D83FD /* MercurySDKTests.xctest */;
			productType = "com.apple.product-type.bundle.unit-test";
		};
		1EB01C451CC59C8C006D83FD /* MercurySDKUITests */ = {
			isa = PBXNativeTarget;
			buildConfigurationList = 1EB01C551CC59C8C006D83FD /* Build configuration list for PBXNativeTarget "MercurySDKUITests" */;
			buildPhases = (
				1EB01C421CC59C8C006D83FD /* Sources */,
				1EB01C431CC59C8C006D83FD /* Frameworks */,
				1EB01C441CC59C8C006D83FD /* Resources */,
			);
			buildRules = (
			);
			dependencies = (
				1EB01C481CC59C8C006D83FD /* PBXTargetDependency */,
			);
			name = MercurySDKUITests;
			productName = MercurySDKUITests;
			productReference = 1EB01C461CC59C8C006D83FD /* MercurySDKUITests.xctest */;
			productType = "com.apple.product-type.bundle.ui-testing";
		};
/* End PBXNativeTarget section */

/* Begin PBXProject section */
		1EB01C171CC59C8C006D83FD /* Project object */ = {
			isa = PBXProject;
			attributes = {
				LastUpgradeCheck = 0730;
				ORGANIZATIONNAME = "John Setting";
				TargetAttributes = {
					1EB01C1E1CC59C8C006D83FD = {
						CreatedOnToolsVersion = 7.3;
					};
					1EB01C3A1CC59C8C006D83FD = {
						CreatedOnToolsVersion = 7.3;
						TestTargetID = 1EB01C1E1CC59C8C006D83FD;
					};
					1EB01C451CC59C8C006D83FD = {
						CreatedOnToolsVersion = 7.3;
						TestTargetID = 1EB01C1E1CC59C8C006D83FD;
					};
				};
			};
			buildConfigurationList = 1EB01C1A1CC59C8C006D83FD /* Build configuration list for PBXProject "MercurySDK" */;
			compatibilityVersion = "Xcode 3.2";
			developmentRegion = English;
			hasScannedForEncodings = 0;
			knownRegions = (
				en,
				Base,
			);
			mainGroup = 1EB01C161CC59C8C006D83FD;
			productRefGroup = 1EB01C201CC59C8C006D83FD /* Products */;
			projectDirPath = "";
			projectRoot = "";
			targets = (
				1EB01C1E1CC59C8C006D83FD /* MercurySDK */,
				1EB01C3A1CC59C8C006D83FD /* MercurySDKTests */,
				1EB01C451CC59C8C006D83FD /* MercurySDKUITests */,
			);
		};
/* End PBXProject section */

/* Begin PBXResourcesBuildPhase section */
		1EB01C1D1CC59C8C006D83FD /* Resources */ = {
			isa = PBXResourcesBuildPhase;
			buildActionMask = 2147483647;
			files = (
				1EE2FBF21CE25D9600A61F1B /* JSCheckoutController.storyboard in Resources */,
				1EE2FBB01CD4226C00A61F1B /* MercurySDK.xcdatamodeld in Resources */,
				1EB01C351CC59C8C006D83FD /* LaunchScreen.storyboard in Resources */,
				1EB01C321CC59C8C006D83FD /* Assets.xcassets in Resources */,
				1EE2FBDB1CE1054F00A61F1B /* JSCardView.xib in Resources */,
				1EE2FB591CD4084D00A61F1B /* JSMercuryWebViewStoryboard.storyboard in Resources */,
				1EB01C2D1CC59C8C006D83FD /* Main.storyboard in Resources */,
				1EE2FC1B1CE4E56600A61F1B /* JSMercuryCardController.storyboard in Resources */,
			);
			runOnlyForDeploymentPostprocessing = 0;
		};
		1EB01C391CC59C8C006D83FD /* Resources */ = {
			isa = PBXResourcesBuildPhase;
			buildActionMask = 2147483647;
			files = (
			);
			runOnlyForDeploymentPostprocessing = 0;
		};
		1EB01C441CC59C8C006D83FD /* Resources */ = {
			isa = PBXResourcesBuildPhase;
			buildActionMask = 2147483647;
			files = (
			);
			runOnlyForDeploymentPostprocessing = 0;
		};
/* End PBXResourcesBuildPhase section */

/* Begin PBXSourcesBuildPhase section */
		1EB01C1B1CC59C8C006D83FD /* Sources */ = {
			isa = PBXSourcesBuildPhase;
			buildActionMask = 2147483647;
			files = (
				1EE2FBED1CE25BD200A61F1B /* JSAnimationTransitionController.m in Sources */,
				1EE2FBAA1CD41E3500A61F1B /* Verify.m in Sources */,
				1EE2FBB81CD7FA7700A61F1B /* InitializeController.m in Sources */,
				1EE2FBAB1CD41E3500A61F1B /* VerifyCardInfo+CoreDataProperties.m in Sources */,
				1EE2FC071CE39EF600A61F1B /* JSCheckoutAddressController.m in Sources */,
				1EE2FBD31CD9400800A61F1B /* CreditCell.m in Sources */,
				1EE2FB4E1CD4084D00A61F1B /* JSMercuryCreditTokenVoidSale.m in Sources */,
				1EE2FB461CD4084D00A61F1B /* JSMercuryCreditTokenAdjust.m in Sources */,
				1EE2FBC71CD80E0000A61F1B /* CardCell.m in Sources */,
				1EE2FB4A1CD4084D00A61F1B /* JSMercuryCreditTokenReturn.m in Sources */,
				1EE2FBD61CD9401300A61F1B /* CreditViewModel.m in Sources */,
				1EE2FBAE1CD41E5700A61F1B /* VerifyPayment.m in Sources */,
				1EE2FC0D1CE3B10D00A61F1B /* JSCheckoutAddressViewModel.m in Sources */,
				1EE2FC161CE3E50500A61F1B /* JSCheckoutCardBillingController.m in Sources */,
				1EE2FBBE1CD7FACE00A61F1B /* PurchasesCell.m in Sources */,
				1EE2FB511CD4084D00A61F1B /* JSMercuryInitializeCardInfo.m in Sources */,
				1EE2FB441CD4084D00A61F1B /* JSMercuryConstants.m in Sources */,
				1EE2FBDA1CE1054F00A61F1B /* JSCardView.m in Sources */,
				1EE2FB541CD4084D00A61F1B /* JSMercuryUtility.m in Sources */,
				1EE2FBF81CE2815400A61F1B /* JSCheckoutShippingCell.m in Sources */,
				1EE2FBB51CD7FA6700A61F1B /* PurchasesController.m in Sources */,
				1EE2FC211CE4FD9200A61F1B /* CreditResponse.m in Sources */,
				1EE2FBEA1CE25BBA00A61F1B /* JSPresentationController.m in Sources */,
				1EE2FB531CD4084D00A61F1B /* JSMercuryInitializeResponse.m in Sources */,
				1EE2FBF51CE2814000A61F1B /* JSCheckoutCardBillingCell.m in Sources */,
				1EE2FBC41CD80D9D00A61F1B /* CardViewModel.m in Sources */,
				1EE2FC191CE4E55B00A61F1B /* JSMercuryCardController.m in Sources */,
				1EE2FB551CD4084D00A61F1B /* JSMercuryVerify.m in Sources */,
				1EE2FC201CE4FD9200A61F1B /* CreditResponse+CoreDataProperties.m in Sources */,
				1EE2FB471CD4084D00A61F1B /* JSMercuryCreditTokenPreAuth.m in Sources */,
				1EE2FB561CD4084D00A61F1B /* JSMercuryVerifyCardInfo.m in Sources */,
				1EE2FB571CD4084D00A61F1B /* JSMercuryVerifyPayment.m in Sources */,
				1EE2FB491CD4084D00A61F1B /* JSMercuryCreditTokenResponse.m in Sources */,
				1EE2FBA71CD41E3500A61F1B /* VerifyPayment+CoreDataProperties.m in Sources */,
				1EE2FBF01CE25BEC00A61F1B /* JSCheckoutPresentationController.m in Sources */,
				1EE2FB421CD4084D00A61F1B /* HCMercuryHelper.m in Sources */,
				1EE2FBFE1CE282B300A61F1B /* JSCheckoutSubmitCell.m in Sources */,
				1EB01C301CC59C8C006D83FD /* MercurySDK.xcdatamodeld in Sources */,
				1EE2FB751CD419C200A61F1B /* NSManagedObjectContext+Properties.m in Sources */,
				1EE2FB4B1CD4084D00A61F1B /* JSMercuryCreditTokenReversal.m in Sources */,
				1EE2FC011CE2891A00A61F1B /* JSCheckoutCompanyCell.m in Sources */,
				1EE2FC131CE3C2A900A61F1B /* Address.m in Sources */,
				1EE2FB581CD4084D00A61F1B /* JSMercuryWebViewController.m in Sources */,
				1EB01C271CC59C8C006D83FD /* AppDelegate.m in Sources */,
				1EE2FBFB1CE2816400A61F1B /* JSCheckoutOrderCell.m in Sources */,
				1EE2FB4C1CD4084D00A61F1B /* JSMercuryCreditTokenSale.m in Sources */,
				1EE2FB5D1CD409F800A61F1B /* JSMercuryCoreDataController.m in Sources */,
				1EE2FB4F1CD4084D00A61F1B /* JSMercuryError.m in Sources */,
				1EB01C241CC59C8C006D83FD /* main.m in Sources */,
				1EE2FBAC1CD41E3500A61F1B /* VerifyCardInfo.m in Sources */,
				1EE2FB481CD4084D00A61F1B /* JSMercuryCreditTokenPreAuthCapture.m in Sources */,
				1EE2FB4D1CD4084D00A61F1B /* JSMercuryCreditTokenVoidReturn.m in Sources */,
				1EE2FC041CE2926D00A61F1B /* JSCheckoutAddressEntryController.m in Sources */,
				1EE2FB451CD4084D00A61F1B /* JSMercuryCreditToken.m in Sources */,
				1EE2FBC11CD8080100A61F1B /* PurchasesViewModel.m in Sources */,
				1EE2FB521CD4084D00A61F1B /* JSMercuryInitializePayment.m in Sources */,
				1EE2FB761CD419C200A61F1B /* NSManagedObject+Properties.m in Sources */,
				1EE2FBA91CD41E3500A61F1B /* Verify+CoreDataProperties.m in Sources */,
				1EE2FBE41CE1538700A61F1B /* JSCheckoutController.m in Sources */,
				1EE2FC121CE3C2A900A61F1B /* Address+CoreDataProperties.m in Sources */,
				1EE2FBD01CD93FF600A61F1B /* CreditController.m in Sources */,
				1EE2FB501CD4084D00A61F1B /* JSMercuryInitialize.m in Sources */,
				1EE2FB431CD4084D00A61F1B /* JSMercury.m in Sources */,
			);
			runOnlyForDeploymentPostprocessing = 0;
		};
		1EB01C371CC59C8C006D83FD /* Sources */ = {
			isa = PBXSourcesBuildPhase;
			buildActionMask = 2147483647;
			files = (
				1EB01C401CC59C8C006D83FD /* MercurySDKTests.m in Sources */,
			);
			runOnlyForDeploymentPostprocessing = 0;
		};
		1EB01C421CC59C8C006D83FD /* Sources */ = {
			isa = PBXSourcesBuildPhase;
			buildActionMask = 2147483647;
			files = (
				1EB01C4B1CC59C8C006D83FD /* MercurySDKUITests.m in Sources */,
			);
			runOnlyForDeploymentPostprocessing = 0;
		};
/* End PBXSourcesBuildPhase section */

/* Begin PBXTargetDependency section */
		1EB01C3D1CC59C8C006D83FD /* PBXTargetDependency */ = {
			isa = PBXTargetDependency;
			target = 1EB01C1E1CC59C8C006D83FD /* MercurySDK */;
			targetProxy = 1EB01C3C1CC59C8C006D83FD /* PBXContainerItemProxy */;
		};
		1EB01C481CC59C8C006D83FD /* PBXTargetDependency */ = {
			isa = PBXTargetDependency;
			target = 1EB01C1E1CC59C8C006D83FD /* MercurySDK */;
			targetProxy = 1EB01C471CC59C8C006D83FD /* PBXContainerItemProxy */;
		};
/* End PBXTargetDependency section */

/* Begin PBXVariantGroup section */
		1EB01C2B1CC59C8C006D83FD /* Main.storyboard */ = {
			isa = PBXVariantGroup;
			children = (
				1EB01C2C1CC59C8C006D83FD /* Base */,
			);
			name = Main.storyboard;
			sourceTree = "<group>";
		};
		1EB01C331CC59C8C006D83FD /* LaunchScreen.storyboard */ = {
			isa = PBXVariantGroup;
			children = (
				1EB01C341CC59C8C006D83FD /* Base */,
			);
			name = LaunchScreen.storyboard;
			sourceTree = "<group>";
		};
/* End PBXVariantGroup section */

/* Begin XCBuildConfiguration section */
		1EB01C4D1CC59C8C006D83FD /* Debug */ = {
			isa = XCBuildConfiguration;
			buildSettings = {
				ALWAYS_SEARCH_USER_PATHS = NO;
				CLANG_ANALYZER_NONNULL = YES;
				CLANG_CXX_LANGUAGE_STANDARD = "gnu++0x";
				CLANG_CXX_LIBRARY = "libc++";
				CLANG_ENABLE_MODULES = YES;
				CLANG_ENABLE_OBJC_ARC = YES;
				CLANG_WARN_BOOL_CONVERSION = YES;
				CLANG_WARN_CONSTANT_CONVERSION = YES;
				CLANG_WARN_DIRECT_OBJC_ISA_USAGE = YES_ERROR;
				CLANG_WARN_EMPTY_BODY = YES;
				CLANG_WARN_ENUM_CONVERSION = YES;
				CLANG_WARN_INT_CONVERSION = YES;
				CLANG_WARN_OBJC_ROOT_CLASS = YES_ERROR;
				CLANG_WARN_UNREACHABLE_CODE = YES;
				CLANG_WARN__DUPLICATE_METHOD_MATCH = YES;
				"CODE_SIGN_IDENTITY[sdk=iphoneos*]" = "iPhone Developer";
				COPY_PHASE_STRIP = NO;
				DEBUG_INFORMATION_FORMAT = dwarf;
				ENABLE_STRICT_OBJC_MSGSEND = YES;
				ENABLE_TESTABILITY = YES;
				GCC_C_LANGUAGE_STANDARD = gnu99;
				GCC_DYNAMIC_NO_PIC = NO;
				GCC_NO_COMMON_BLOCKS = YES;
				GCC_OPTIMIZATION_LEVEL = 0;
				GCC_PREPROCESSOR_DEFINITIONS = (
					"DEBUG=1",
					"$(inherited)",
				);
				GCC_WARN_64_TO_32_BIT_CONVERSION = YES;
				GCC_WARN_ABOUT_RETURN_TYPE = YES_ERROR;
				GCC_WARN_UNDECLARED_SELECTOR = YES;
				GCC_WARN_UNINITIALIZED_AUTOS = YES_AGGRESSIVE;
				GCC_WARN_UNUSED_FUNCTION = YES;
				GCC_WARN_UNUSED_VARIABLE = YES;
				IPHONEOS_DEPLOYMENT_TARGET = 9.3;
				MTL_ENABLE_DEBUG_INFO = YES;
				ONLY_ACTIVE_ARCH = YES;
				SDKROOT = iphoneos;
			};
			name = Debug;
		};
		1EB01C4E1CC59C8C006D83FD /* Release */ = {
			isa = XCBuildConfiguration;
			buildSettings = {
				ALWAYS_SEARCH_USER_PATHS = NO;
				CLANG_ANALYZER_NONNULL = YES;
				CLANG_CXX_LANGUAGE_STANDARD = "gnu++0x";
				CLANG_CXX_LIBRARY = "libc++";
				CLANG_ENABLE_MODULES = YES;
				CLANG_ENABLE_OBJC_ARC = YES;
				CLANG_WARN_BOOL_CONVERSION = YES;
				CLANG_WARN_CONSTANT_CONVERSION = YES;
				CLANG_WARN_DIRECT_OBJC_ISA_USAGE = YES_ERROR;
				CLANG_WARN_EMPTY_BODY = YES;
				CLANG_WARN_ENUM_CONVERSION = YES;
				CLANG_WARN_INT_CONVERSION = YES;
				CLANG_WARN_OBJC_ROOT_CLASS = YES_ERROR;
				CLANG_WARN_UNREACHABLE_CODE = YES;
				CLANG_WARN__DUPLICATE_METHOD_MATCH = YES;
				"CODE_SIGN_IDENTITY[sdk=iphoneos*]" = "iPhone Developer";
				COPY_PHASE_STRIP = NO;
				DEBUG_INFORMATION_FORMAT = "dwarf-with-dsym";
				ENABLE_NS_ASSERTIONS = NO;
				ENABLE_STRICT_OBJC_MSGSEND = YES;
				GCC_C_LANGUAGE_STANDARD = gnu99;
				GCC_NO_COMMON_BLOCKS = YES;
				GCC_WARN_64_TO_32_BIT_CONVERSION = YES;
				GCC_WARN_ABOUT_RETURN_TYPE = YES_ERROR;
				GCC_WARN_UNDECLARED_SELECTOR = YES;
				GCC_WARN_UNINITIALIZED_AUTOS = YES_AGGRESSIVE;
				GCC_WARN_UNUSED_FUNCTION = YES;
				GCC_WARN_UNUSED_VARIABLE = YES;
				IPHONEOS_DEPLOYMENT_TARGET = 9.3;
				MTL_ENABLE_DEBUG_INFO = NO;
				SDKROOT = iphoneos;
				VALIDATE_PRODUCT = YES;
			};
			name = Release;
		};
		1EB01C501CC59C8C006D83FD /* Debug */ = {
			isa = XCBuildConfiguration;
			buildSettings = {
				ASSETCATALOG_COMPILER_APPICON_NAME = AppIcon;
				INFOPLIST_FILE = MercurySDK/Info.plist;
				LD_RUNPATH_SEARCH_PATHS = "$(inherited) @executable_path/Frameworks";
				PRODUCT_BUNDLE_IDENTIFIER = "John-Setting.MercurySDK";
				PRODUCT_NAME = "$(TARGET_NAME)";
			};
			name = Debug;
		};
		1EB01C511CC59C8C006D83FD /* Release */ = {
			isa = XCBuildConfiguration;
			buildSettings = {
				ASSETCATALOG_COMPILER_APPICON_NAME = AppIcon;
				INFOPLIST_FILE = MercurySDK/Info.plist;
				LD_RUNPATH_SEARCH_PATHS = "$(inherited) @executable_path/Frameworks";
				PRODUCT_BUNDLE_IDENTIFIER = "John-Setting.MercurySDK";
				PRODUCT_NAME = "$(TARGET_NAME)";
			};
			name = Release;
		};
		1EB01C531CC59C8C006D83FD /* Debug */ = {
			isa = XCBuildConfiguration;
			buildSettings = {
				BUNDLE_LOADER = "$(TEST_HOST)";
				INFOPLIST_FILE = MercurySDKTests/Info.plist;
				LD_RUNPATH_SEARCH_PATHS = "$(inherited) @executable_path/Frameworks @loader_path/Frameworks";
				PRODUCT_BUNDLE_IDENTIFIER = "John-Setting.MercurySDKTests";
				PRODUCT_NAME = "$(TARGET_NAME)";
				TEST_HOST = "$(BUILT_PRODUCTS_DIR)/MercurySDK.app/MercurySDK";
			};
			name = Debug;
		};
		1EB01C541CC59C8C006D83FD /* Release */ = {
			isa = XCBuildConfiguration;
			buildSettings = {
				BUNDLE_LOADER = "$(TEST_HOST)";
				INFOPLIST_FILE = MercurySDKTests/Info.plist;
				LD_RUNPATH_SEARCH_PATHS = "$(inherited) @executable_path/Frameworks @loader_path/Frameworks";
				PRODUCT_BUNDLE_IDENTIFIER = "John-Setting.MercurySDKTests";
				PRODUCT_NAME = "$(TARGET_NAME)";
				TEST_HOST = "$(BUILT_PRODUCTS_DIR)/MercurySDK.app/MercurySDK";
			};
			name = Release;
		};
		1EB01C561CC59C8C006D83FD /* Debug */ = {
			isa = XCBuildConfiguration;
			buildSettings = {
				INFOPLIST_FILE = MercurySDKUITests/Info.plist;
				LD_RUNPATH_SEARCH_PATHS = "$(inherited) @executable_path/Frameworks @loader_path/Frameworks";
				PRODUCT_BUNDLE_IDENTIFIER = "John-Setting.MercurySDKUITests";
				PRODUCT_NAME = "$(TARGET_NAME)";
				TEST_TARGET_NAME = MercurySDK;
			};
			name = Debug;
		};
		1EB01C571CC59C8C006D83FD /* Release */ = {
			isa = XCBuildConfiguration;
			buildSettings = {
				INFOPLIST_FILE = MercurySDKUITests/Info.plist;
				LD_RUNPATH_SEARCH_PATHS = "$(inherited) @executable_path/Frameworks @loader_path/Frameworks";
				PRODUCT_BUNDLE_IDENTIFIER = "John-Setting.MercurySDKUITests";
				PRODUCT_NAME = "$(TARGET_NAME)";
				TEST_TARGET_NAME = MercurySDK;
			};
			name = Release;
		};
/* End XCBuildConfiguration section */

/* Begin XCConfigurationList section */
		1EB01C1A1CC59C8C006D83FD /* Build configuration list for PBXProject "MercurySDK" */ = {
			isa = XCConfigurationList;
			buildConfigurations = (
				1EB01C4D1CC59C8C006D83FD /* Debug */,
				1EB01C4E1CC59C8C006D83FD /* Release */,
			);
			defaultConfigurationIsVisible = 0;
			defaultConfigurationName = Release;
		};
		1EB01C4F1CC59C8C006D83FD /* Build configuration list for PBXNativeTarget "MercurySDK" */ = {
			isa = XCConfigurationList;
			buildConfigurations = (
				1EB01C501CC59C8C006D83FD /* Debug */,
				1EB01C511CC59C8C006D83FD /* Release */,
			);
			defaultConfigurationIsVisible = 0;
			defaultConfigurationName = Release;
		};
		1EB01C521CC59C8C006D83FD /* Build configuration list for PBXNativeTarget "MercurySDKTests" */ = {
			isa = XCConfigurationList;
			buildConfigurations = (
				1EB01C531CC59C8C006D83FD /* Debug */,
				1EB01C541CC59C8C006D83FD /* Release */,
			);
			defaultConfigurationIsVisible = 0;
			defaultConfigurationName = Release;
		};
		1EB01C551CC59C8C006D83FD /* Build configuration list for PBXNativeTarget "MercurySDKUITests" */ = {
			isa = XCConfigurationList;
			buildConfigurations = (
				1EB01C561CC59C8C006D83FD /* Debug */,
				1EB01C571CC59C8C006D83FD /* Release */,
			);
			defaultConfigurationIsVisible = 0;
			defaultConfigurationName = Release;
		};
/* End XCConfigurationList section */

/* Begin XCVersionGroup section */
		1EB01C2E1CC59C8C006D83FD /* MercurySDK.xcdatamodeld */ = {
			isa = XCVersionGroup;
			children = (
				1EB01C2F1CC59C8C006D83FD /* MercurySDK.xcdatamodel */,
			);
			currentVersion = 1EB01C2F1CC59C8C006D83FD /* MercurySDK.xcdatamodel */;
			path = MercurySDK.xcdatamodeld;
			sourceTree = "<group>";
			versionGroupType = wrapper.xcdatamodel;
		};
/* End XCVersionGroup section */
	};
	rootObject = 1EB01C171CC59C8C006D83FD /* Project object */;
}
